
Microsoft Visual Studio Solution File, Format Version 12.00
# Visual Studio Version 17
VisualStudioVersion = 17.6.33723.286
MinimumVisualStudioVersion = 10.0.40219.1
Project("{FAE04EC0-301F-11D3-BF4B-00C04F79EFBC}") = "RecommendatorAppp", "RecommendatorAppp\RecommendatorAppp.csproj", "{69BF9751-A746-4DD2-8C50-96CE46B92DBB}"
EndProject
Global
	GlobalSection(SolutionConfigurationPlatforms) = preSolution
		Debug|Any CPU = Debug|Any CPU
		Release|Any CPU = Release|Any CPU
	EndGlobalSection
	GlobalSection(ProjectConfigurationPlatforms) = postSolution
		{69BF9751-A746-4DD2-8C50-96CE46B92DBB}.Debug|Any CPU.ActiveCfg = Debug|Any CPU
		{69BF9751-A746-4DD2-8C50-96CE46B92DBB}.Debug|Any CPU.Build.0 = Debug|Any CPU
		{69BF9751-A746-4DD2-8C50-96CE46B92DBB}.Release|Any CPU.ActiveCfg = Release|Any CPU
		{69BF9751-A746-4DD2-8C50-96CE46B92DBB}.Release|Any CPU.Build.0 = Release|Any CPU
	EndGlobalSection
	GlobalSection(SolutionProperties) = preSolution
		HideSolutionNode = FALSE
	EndGlobalSection
	GlobalSection(ExtensibilityGlobals) = postSolution
		SolutionGuid = {842A3A32-9882-40A8-A2C9-DC9C6F752246}
	EndGlobalSection
EndGlobal
